
Microsoft Visual Studio Solution File, Format Version 12.00
# Visual Studio 2012
Project("{FAE04EC0-301F-11D3-BF4B-00C04F79EFBC}") = "CourseMapWeb", "CourseMapWeb\CourseMapWeb.csproj", "{8B544A61-0E05-4ACA-95ED-32EE9EF1EC68}"
EndProject
Project("{FAE04EC0-301F-11D3-BF4B-00C04F79EFBC}") = "BPOrgDiagram", "BPOrgDiagram\BPOrgDiagram.csproj", "{6223A750-2951-433F-98D5-E1706CBE261A}"
EndProject
Global
	GlobalSection(SolutionConfigurationPlatforms) = preSolution
		Debug|Any CPU = Debug|Any CPU
		Release|Any CPU = Release|Any CPU
	EndGlobalSection
	GlobalSection(ProjectConfigurationPlatforms) = postSolution
		{8B544A61-0E05-4ACA-95ED-32EE9EF1EC68}.Debug|Any CPU.ActiveCfg = Debug|Any CPU
		{8B544A61-0E05-4ACA-95ED-32EE9EF1EC68}.Debug|Any CPU.Build.0 = Debug|Any CPU
		{8B544A61-0E05-4ACA-95ED-32EE9EF1EC68}.Release|Any CPU.ActiveCfg = Release|Any CPU
		{8B544A61-0E05-4ACA-95ED-32EE9EF1EC68}.Release|Any CPU.Build.0 = Release|Any CPU
		{6223A750-2951-433F-98D5-E1706CBE261A}.Debug|Any CPU.ActiveCfg = Debug|Any CPU
		{6223A750-2951-433F-98D5-E1706CBE261A}.Debug|Any CPU.Build.0 = Debug|Any CPU
		{6223A750-2951-433F-98D5-E1706CBE261A}.Release|Any CPU.ActiveCfg = Release|Any CPU
		{6223A750-2951-433F-98D5-E1706CBE261A}.Release|Any CPU.Build.0 = Release|Any CPU
	EndGlobalSection
	GlobalSection(SolutionProperties) = preSolution
		HideSolutionNode = FALSE
	EndGlobalSection
EndGlobal
